
Microsoft Visual Studio Solution File, Format Version 12.00
# Visual Studio Version 17
VisualStudioVersion = 17.5.002.0
MinimumVisualStudioVersion = 10.0.40219.1
Project("{9A19103F-16F7-4668-BE54-9A1E7A4F7556}") = "api", "api.csproj", "{D70002A4-1BC4-4592-AF92-73FD11B90186}"
EndProject
Global
	GlobalSection(SolutionConfigurationPlatforms) = preSolution
		Debug|Any CPU = Debug|Any CPU
		Release|Any CPU = Release|Any CPU
	EndGlobalSection
	GlobalSection(ProjectConfigurationPlatforms) = postSolution
		{D70002A4-1BC4-4592-AF92-73FD11B90186}.Debug|Any CPU.ActiveCfg = Debug|Any CPU
		{D70002A4-1BC4-4592-AF92-73FD11B90186}.Debug|Any CPU.Build.0 = Debug|Any CPU
		{D70002A4-1BC4-4592-AF92-73FD11B90186}.Release|Any CPU.ActiveCfg = Release|Any CPU
		{D70002A4-1BC4-4592-AF92-73FD11B90186}.Release|Any CPU.Build.0 = Release|Any CPU
	EndGlobalSection
	GlobalSection(SolutionProperties) = preSolution
		HideSolutionNode = FALSE
	EndGlobalSection
	GlobalSection(ExtensibilityGlobals) = postSolution
		SolutionGuid = {967CD95D-48A8-4A39-B25A-D368D6FA2521}
	EndGlobalSection
EndGlobal
